// !$*UTF8*$!
{
	archiveVersion = 1;
	classes = {
	};
	objectVersion = 54;
	objects = {

/* Begin PBXBuildFile section */
		FC0F4E2F169671C700B9EA5C /* AUIModel.framework in Frameworks */ = {isa = PBXBuildFile; fileRef = FC0F4E271696719600B9EA5C /* AUIModel.framework */; };
		FC0F4E30169671C700B9EA5C /* AUIProtocols.framework in Frameworks */ = {isa = PBXBuildFile; fileRef = FC0F4E281696719600B9EA5C /* AUIProtocols.framework */; };
		FC0F4E31169671C700B9EA5C /* BWKit.framework in Frameworks */ = {isa = PBXBuildFile; fileRef = FC0F4E291696719600B9EA5C /* BWKit.framework */; };
		FC0F4E32169671C700B9EA5C /* DAQFramework.framework in Frameworks */ = {isa = PBXBuildFile; fileRef = FC0F4E2A1696719600B9EA5C /* DAQFramework.framework */; };
		FC0F4E361696774900B9EA5C /* SMKBaseTestCase.m in Sources */ = {isa = PBXBuildFile; fileRef = FC0F4E341696774900B9EA5C /* SMKBaseTestCase.m */; };
		FC0F4F271697991E00B9EA5C /* SMKSource.h in Headers */ = {isa = PBXBuildFile; fileRef = FC0F4F251697991E00B9EA5C /* SMKSource.h */; };
		FC0F4F281697991E00B9EA5C /* SMKSource.m in Sources */ = {isa = PBXBuildFile; fileRef = FC0F4F261697991E00B9EA5C /* SMKSource.m */; };
		FC0F4F2B1697993700B9EA5C /* SMKNote.h in Headers */ = {isa = PBXBuildFile; fileRef = FC0F4F291697993700B9EA5C /* SMKNote.h */; };
		FC0F4F2C1697993700B9EA5C /* SMKNote.m in Sources */ = {isa = PBXBuildFile; fileRef = FC0F4F2A1697993700B9EA5C /* SMKNote.m */; };
		FC16F8951C9A0A5B007CB4FF /* SMKExperimentEnumerator.h in Headers */ = {isa = PBXBuildFile; fileRef = FC16F8911C9A0A5B007CB4FF /* SMKExperimentEnumerator.h */; };
		FC16F8961C9A0A5B007CB4FF /* SMKExperimentEnumerator.m in Sources */ = {isa = PBXBuildFile; fileRef = FC16F8921C9A0A5B007CB4FF /* SMKExperimentEnumerator.m */; };
		FC16F8971C9A0A5B007CB4FF /* SMKExperiment.h in Headers */ = {isa = PBXBuildFile; fileRef = FC16F8931C9A0A5B007CB4FF /* SMKExperiment.h */; };
		FC16F8981C9A0A5B007CB4FF /* SMKExperiment.m in Sources */ = {isa = PBXBuildFile; fileRef = FC16F8941C9A0A5B007CB4FF /* SMKExperiment.m */; };
		FC50C13D16B84FED00656CC0 /* SMKEpochGroupEnumerator.h in Headers */ = {isa = PBXBuildFile; fileRef = FC50C13B16B84FED00656CC0 /* SMKEpochGroupEnumerator.h */; };
		FC50C13E16B84FED00656CC0 /* SMKEpochGroupEnumerator.m in Sources */ = {isa = PBXBuildFile; fileRef = FC50C13C16B84FED00656CC0 /* SMKEpochGroupEnumerator.m */; };
		FC50C14116B8C06700656CC0 /* MACHdf5Reader.h in Headers */ = {isa = PBXBuildFile; fileRef = FC50C13F16B8C06600656CC0 /* MACHdf5Reader.h */; };
		FC50C14216B8C06700656CC0 /* MACHdf5Reader.m in Sources */ = {isa = PBXBuildFile; fileRef = FC50C14016B8C06600656CC0 /* MACHdf5Reader.m */; };
		FC5D2EFD1C9A1FF4005A8222 /* 2016-03-16.h5 in Resources */ = {isa = PBXBuildFile; fileRef = FC5D2EFC1C9A1FF4005A8222 /* 2016-03-16.h5 */; };
		FC5D2F031C9A245D005A8222 /* SMKDataFileReaderTest.m in Sources */ = {isa = PBXBuildFile; fileRef = FC5D2F021C9A245D005A8222 /* SMKDataFileReaderTest.m */; };
		FC5D2F051C9A2881005A8222 /* SMKExperimentEnumeratorTest.m in Sources */ = {isa = PBXBuildFile; fileRef = FC5D2F041C9A2881005A8222 /* SMKExperimentEnumeratorTest.m */; };
		FC5D2F0A1C9B7FB6005A8222 /* SMKSourceEnumerator.h in Headers */ = {isa = PBXBuildFile; fileRef = FC5D2F061C9B7FB6005A8222 /* SMKSourceEnumerator.h */; };
		FC5D2F0B1C9B7FB6005A8222 /* SMKSourceEnumerator.m in Sources */ = {isa = PBXBuildFile; fileRef = FC5D2F071C9B7FB6005A8222 /* SMKSourceEnumerator.m */; };
		FC5D2F0C1C9B7FB6005A8222 /* SMKDeviceEnumerator.h in Headers */ = {isa = PBXBuildFile; fileRef = FC5D2F081C9B7FB6005A8222 /* SMKDeviceEnumerator.h */; };
		FC5D2F0D1C9B7FB6005A8222 /* SMKDeviceEnumerator.m in Sources */ = {isa = PBXBuildFile; fileRef = FC5D2F091C9B7FB6005A8222 /* SMKDeviceEnumerator.m */; };
		FC5D2F101C9B83F6005A8222 /* SMKDevice.h in Headers */ = {isa = PBXBuildFile; fileRef = FC5D2F0E1C9B83F6005A8222 /* SMKDevice.h */; };
		FC5D2F111C9B83F6005A8222 /* SMKDevice.m in Sources */ = {isa = PBXBuildFile; fileRef = FC5D2F0F1C9B83F6005A8222 /* SMKDevice.m */; };
		FC5D2F141C9C8416005A8222 /* SMKEntity.h in Headers */ = {isa = PBXBuildFile; fileRef = FC5D2F121C9C8416005A8222 /* SMKEntity.h */; };
		FC5D2F151C9C8416005A8222 /* SMKEntity.m in Sources */ = {isa = PBXBuildFile; fileRef = FC5D2F131C9C8416005A8222 /* SMKEntity.m */; };
		FC5D2F181C9C8454005A8222 /* SMKTimelineEntity.h in Headers */ = {isa = PBXBuildFile; fileRef = FC5D2F161C9C8454005A8222 /* SMKTimelineEntity.h */; };
		FC5D2F191C9C8454005A8222 /* SMKTimelineEntity.m in Sources */ = {isa = PBXBuildFile; fileRef = FC5D2F171C9C8454005A8222 /* SMKTimelineEntity.m */; };
		FC5D2F1C1C9C8F33005A8222 /* SMKEntityEnumerator.h in Headers */ = {isa = PBXBuildFile; fileRef = FC5D2F1A1C9C8F33005A8222 /* SMKEntityEnumerator.h */; };
		FC5D2F1D1C9C8F33005A8222 /* SMKEntityEnumerator.m in Sources */ = {isa = PBXBuildFile; fileRef = FC5D2F1B1C9C8F33005A8222 /* SMKEntityEnumerator.m */; };
		FC5D2F201C9C8F63005A8222 /* SMKTimelineEntityEnumerator.h in Headers */ = {isa = PBXBuildFile; fileRef = FC5D2F1E1C9C8F63005A8222 /* SMKTimelineEntityEnumerator.h */; };
		FC5D2F211C9C8F63005A8222 /* SMKTimelineEntityEnumerator.m in Sources */ = {isa = PBXBuildFile; fileRef = FC5D2F1F1C9C8F63005A8222 /* SMKTimelineEntityEnumerator.m */; };
		FC5D2F241C9CA3E4005A8222 /* SMKDeviceEnumeratorTest.m in Sources */ = {isa = PBXBuildFile; fileRef = FC5D2F221C9CA3E4005A8222 /* SMKDeviceEnumeratorTest.m */; };
		FC5D2F251C9CA3E4005A8222 /* SMKSourceEnumeratorTest.m in Sources */ = {isa = PBXBuildFile; fileRef = FC5D2F231C9CA3E4005A8222 /* SMKSourceEnumeratorTest.m */; };
		FC5D2F291C9CB395005A8222 /* SMKEpochGroupEnumeratorTest.m in Sources */ = {isa = PBXBuildFile; fileRef = FC5D2F281C9CB395005A8222 /* SMKEpochGroupEnumeratorTest.m */; };
		FC5D2F2C1C9CB5FA005A8222 /* SMKEpochBlock.h in Headers */ = {isa = PBXBuildFile; fileRef = FC5D2F2A1C9CB5FA005A8222 /* SMKEpochBlock.h */; };
		FC5D2F2D1C9CB5FA005A8222 /* SMKEpochBlock.m in Sources */ = {isa = PBXBuildFile; fileRef = FC5D2F2B1C9CB5FA005A8222 /* SMKEpochBlock.m */; };
		FC5D2F301C9CB638005A8222 /* SMKEpochBlockEnumerator.h in Headers */ = {isa = PBXBuildFile; fileRef = FC5D2F2E1C9CB638005A8222 /* SMKEpochBlockEnumerator.h */; };
		FC5D2F311C9CB638005A8222 /* SMKEpochBlockEnumerator.m in Sources */ = {isa = PBXBuildFile; fileRef = FC5D2F2F1C9CB638005A8222 /* SMKEpochBlockEnumerator.m */; };
		FC5D2F331C9CBC75005A8222 /* SMKEpochBlockEnumeratorTest.m in Sources */ = {isa = PBXBuildFile; fileRef = FC5D2F321C9CBC75005A8222 /* SMKEpochBlockEnumeratorTest.m */; };
		FC5D2F371C9CC7D4005A8222 /* SMKEpochEnumeratorTest.m in Sources */ = {isa = PBXBuildFile; fileRef = FC5D2F361C9CC7D4005A8222 /* SMKEpochEnumeratorTest.m */; };
		FC5D2F3A1C9CC8FE005A8222 /* SMKBackground.h in Headers */ = {isa = PBXBuildFile; fileRef = FC5D2F381C9CC8FE005A8222 /* SMKBackground.h */; };
		FC5D2F3B1C9CC8FE005A8222 /* SMKBackground.m in Sources */ = {isa = PBXBuildFile; fileRef = FC5D2F391C9CC8FE005A8222 /* SMKBackground.m */; };
		FC5D2F441C9CCB36005A8222 /* SMKStimulusEnumerator.h in Headers */ = {isa = PBXBuildFile; fileRef = FC5D2F3C1C9CCB36005A8222 /* SMKStimulusEnumerator.h */; };
		FC5D2F451C9CCB36005A8222 /* SMKStimulusEnumerator.m in Sources */ = {isa = PBXBuildFile; fileRef = FC5D2F3D1C9CCB36005A8222 /* SMKStimulusEnumerator.m */; };
		FC5D2F461C9CCB36005A8222 /* SMKResponseEnumerator.h in Headers */ = {isa = PBXBuildFile; fileRef = FC5D2F3E1C9CCB36005A8222 /* SMKResponseEnumerator.h */; };
		FC5D2F471C9CCB36005A8222 /* SMKResponseEnumerator.m in Sources */ = {isa = PBXBuildFile; fileRef = FC5D2F3F1C9CCB36005A8222 /* SMKResponseEnumerator.m */; };
		FC5D2F481C9CCB36005A8222 /* SMKIOBaseEnumerator.h in Headers */ = {isa = PBXBuildFile; fileRef = FC5D2F401C9CCB36005A8222 /* SMKIOBaseEnumerator.h */; };
		FC5D2F491C9CCB36005A8222 /* SMKIOBaseEnumerator.m in Sources */ = {isa = PBXBuildFile; fileRef = FC5D2F411C9CCB36005A8222 /* SMKIOBaseEnumerator.m */; };
		FC5D2F4A1C9CCB36005A8222 /* SMKBackgroundEnumerator.h in Headers */ = {isa = PBXBuildFile; fileRef = FC5D2F421C9CCB36005A8222 /* SMKBackgroundEnumerator.h */; };
		FC5D2F4B1C9CCB36005A8222 /* SMKBackgroundEnumerator.m in Sources */ = {isa = PBXBuildFile; fileRef = FC5D2F431C9CCB36005A8222 /* SMKBackgroundEnumerator.m */; };
		FC5D2F4F1C9CD2A0005A8222 /* SMKResponseEnumeratorTest.m in Sources */ = {isa = PBXBuildFile; fileRef = FC5D2F4C1C9CD29F005A8222 /* SMKResponseEnumeratorTest.m */; };
		FC5D2F501C9CD2A0005A8222 /* SMKStimulusEnumeratorTest.m in Sources */ = {isa = PBXBuildFile; fileRef = FC5D2F4D1C9CD29F005A8222 /* SMKStimulusEnumeratorTest.m */; };
		FC5D2F511C9CD2A0005A8222 /* SMKBackgroundEnumeratorTest.m in Sources */ = {isa = PBXBuildFile; fileRef = FC5D2F4E1C9CD2A0005A8222 /* SMKBackgroundEnumeratorTest.m */; };
		FC63E7461CA077120063737F /* SMKExperimentMapperTest.m in Sources */ = {isa = PBXBuildFile; fileRef = FC63E7451CA077120063737F /* SMKExperimentMapperTest.m */; };
		FC6B6E21169612C0006B4688 /* Cocoa.framework in Frameworks */ = {isa = PBXBuildFile; fileRef = FC6B6E20169612C0006B4688 /* Cocoa.framework */; };
		FC6B6E2B169612C0006B4688 /* InfoPlist.strings in Resources */ = {isa = PBXBuildFile; fileRef = FC6B6E29169612C0006B4688 /* InfoPlist.strings */; };
		FC6B6E37169612C0006B4688 /* XCTest.framework in Frameworks */ = {isa = PBXBuildFile; fileRef = FC6B6E36169612C0006B4688 /* XCTest.framework */; };
		FC6B6E38169612C0006B4688 /* Cocoa.framework in Frameworks */ = {isa = PBXBuildFile; fileRef = FC6B6E20169612C0006B4688 /* Cocoa.framework */; };
		FC6B6E3B169612C0006B4688 /* SymphonyMappingKit.framework in Frameworks */ = {isa = PBXBuildFile; fileRef = FC6B6E1D169612C0006B4688 /* SymphonyMappingKit.framework */; };
		FC6B6E41169612C0006B4688 /* InfoPlist.strings in Resources */ = {isa = PBXBuildFile; fileRef = FC6B6E3F169612C0006B4688 /* InfoPlist.strings */; };
		FC6B6E4F16961335006B4688 /* SMKExperimentMapper.h in Headers */ = {isa = PBXBuildFile; fileRef = FC6B6E4D16961335006B4688 /* SMKExperimentMapper.h */; settings = {ATTRIBUTES = (Public, ); }; };
		FC6B6E5016961335006B4688 /* SMKExperimentMapper.m in Sources */ = {isa = PBXBuildFile; fileRef = FC6B6E4E16961335006B4688 /* SMKExperimentMapper.m */; };
		FC79481716B9B68F00DABE9C /* MACHdf5LinkInformation.h in Headers */ = {isa = PBXBuildFile; fileRef = FC79481516B9B68F00DABE9C /* MACHdf5LinkInformation.h */; };
		FC79481816B9B68F00DABE9C /* MACHdf5LinkInformation.m in Sources */ = {isa = PBXBuildFile; fileRef = FC79481616B9B68F00DABE9C /* MACHdf5LinkInformation.m */; };
		FC7C8DE616B3279800F9E8A6 /* SMKDataFileReader.h in Headers */ = {isa = PBXBuildFile; fileRef = FC7C8DE416B3279800F9E8A6 /* SMKDataFileReader.h */; };
		FC7C8DE716B3279800F9E8A6 /* SMKDataFileReader.m in Sources */ = {isa = PBXBuildFile; fileRef = FC7C8DE516B3279800F9E8A6 /* SMKDataFileReader.m */; };
		FC7C8DEB16B3442500F9E8A6 /* SMKEpochGroup.h in Headers */ = {isa = PBXBuildFile; fileRef = FC7C8DE916B3442500F9E8A6 /* SMKEpochGroup.h */; };
		FC7C8DEC16B3442500F9E8A6 /* SMKEpochGroup.m in Sources */ = {isa = PBXBuildFile; fileRef = FC7C8DEA16B3442500F9E8A6 /* SMKEpochGroup.m */; };
		FC98DD1816C4A4D50039E8B4 /* BWFileSystemResource+UrlFix.h in Headers */ = {isa = PBXBuildFile; fileRef = FC98DD1616C4A4D50039E8B4 /* BWFileSystemResource+UrlFix.h */; };
		FC98DD1916C4A4D50039E8B4 /* BWFileSystemResource+UrlFix.m in Sources */ = {isa = PBXBuildFile; fileRef = FC98DD1716C4A4D50039E8B4 /* BWFileSystemResource+UrlFix.m */; };
		FC98DD3216CB19070039E8B4 /* ExternalDevicesPlugin.plugin in CopyFiles */ = {isa = PBXBuildFile; fileRef = FC98DD3116CB19070039E8B4 /* ExternalDevicesPlugin.plugin */; };
		FC98DD3516CC24260039E8B4 /* SMKIOBase.h in Headers */ = {isa = PBXBuildFile; fileRef = FC98DD3316CC24250039E8B4 /* SMKIOBase.h */; };
		FC98DD3616CC24260039E8B4 /* SMKIOBase.m in Sources */ = {isa = PBXBuildFile; fileRef = FC98DD3416CC24260039E8B4 /* SMKIOBase.m */; };
		FCAADD5816C32F49003341CD /* AUIModel.framework in Frameworks */ = {isa = PBXBuildFile; fileRef = FC0F4E271696719600B9EA5C /* AUIModel.framework */; };
		FCC63F6016BB1FD200BDDD57 /* MACHdf5CommonInformation.h in Headers */ = {isa = PBXBuildFile; fileRef = FCC63F5E16BB1FD200BDDD57 /* MACHdf5CommonInformation.h */; };
		FCC63F6116BB1FD200BDDD57 /* MACHdf5CommonInformation.m in Sources */ = {isa = PBXBuildFile; fileRef = FCC63F5F16BB1FD200BDDD57 /* MACHdf5CommonInformation.m */; };
		FCC63F6416BB1FEA00BDDD57 /* MACHdf5ObjectInformation.h in Headers */ = {isa = PBXBuildFile; fileRef = FCC63F6216BB1FEA00BDDD57 /* MACHdf5ObjectInformation.h */; };
		FCC63F6516BB1FEA00BDDD57 /* MACHdf5ObjectInformation.m in Sources */ = {isa = PBXBuildFile; fileRef = FCC63F6316BB1FEA00BDDD57 /* MACHdf5ObjectInformation.m */; };
		FCC63F6816BB3B5400BDDD57 /* SMKEpoch.h in Headers */ = {isa = PBXBuildFile; fileRef = FCC63F6616BB3B5400BDDD57 /* SMKEpoch.h */; };
		FCC63F6916BB3B5400BDDD57 /* SMKEpoch.m in Sources */ = {isa = PBXBuildFile; fileRef = FCC63F6716BB3B5400BDDD57 /* SMKEpoch.m */; };
		FCC63F6C16BB3B7A00BDDD57 /* SMKEpochEnumerator.h in Headers */ = {isa = PBXBuildFile; fileRef = FCC63F6A16BB3B7A00BDDD57 /* SMKEpochEnumerator.h */; };
		FCC63F6D16BB3B7A00BDDD57 /* SMKEpochEnumerator.m in Sources */ = {isa = PBXBuildFile; fileRef = FCC63F6B16BB3B7A00BDDD57 /* SMKEpochEnumerator.m */; };
		FCC63F7C16C0932600BDDD57 /* SMKResponse.h in Headers */ = {isa = PBXBuildFile; fileRef = FCC63F7A16C0932500BDDD57 /* SMKResponse.h */; };
		FCC63F7D16C0932600BDDD57 /* SMKResponse.m in Sources */ = {isa = PBXBuildFile; fileRef = FCC63F7B16C0932500BDDD57 /* SMKResponse.m */; };
		FCC63F8016C0933B00BDDD57 /* SMKStimulus.h in Headers */ = {isa = PBXBuildFile; fileRef = FCC63F7E16C0933A00BDDD57 /* SMKStimulus.h */; };
		FCC63F8116C0933B00BDDD57 /* SMKStimulus.m in Sources */ = {isa = PBXBuildFile; fileRef = FCC63F7F16C0933B00BDDD57 /* SMKStimulus.m */; };
/* End PBXBuildFile section */

/* Begin PBXContainerItemProxy section */
		FC6B6E39169612C0006B4688 /* PBXContainerItemProxy */ = {
			isa = PBXContainerItemProxy;
			containerPortal = FC6B6E13169612C0006B4688 /* Project object */;
			proxyType = 1;
			remoteGlobalIDString = FC6B6E1C169612C0006B4688;
			remoteInfo = SymphonyMappingKit;
		};
/* End PBXContainerItemProxy section */

/* Begin PBXCopyFilesBuildPhase section */
		FC98DD2F16CB17A50039E8B4 /* CopyFiles */ = {
			isa = PBXCopyFilesBuildPhase;
			buildActionMask = 2147483647;
			dstPath = "";
			dstSubfolderSpec = 7;
			files = (
				FC98DD3216CB19070039E8B4 /* ExternalDevicesPlugin.plugin in CopyFiles */,
			);
			runOnlyForDeploymentPostprocessing = 0;
		};
/* End PBXCopyFilesBuildPhase section */

/* Begin PBXFileReference section */
		FC0F4E271696719600B9EA5C /* AUIModel.framework */ = {isa = PBXFileReference; lastKnownFileType = wrapper.framework; name = AUIModel.framework; path = ../Libraries/AUIModel.framework; sourceTree = "<group>"; };
		FC0F4E281696719600B9EA5C /* AUIProtocols.framework */ = {isa = PBXFileReference; lastKnownFileType = wrapper.framework; name = AUIProtocols.framework; path = ../Libraries/AUIProtocols.framework; sourceTree = "<group>"; };
		FC0F4E291696719600B9EA5C /* BWKit.framework */ = {isa = PBXFileReference; lastKnownFileType = wrapper.framework; name = BWKit.framework; path = ../Libraries/BWKit.framework; sourceTree = "<group>"; };
		FC0F4E2A1696719600B9EA5C /* DAQFramework.framework */ = {isa = PBXFileReference; lastKnownFileType = wrapper.framework; name = DAQFramework.framework; path = ../Libraries/DAQFramework.framework; sourceTree = "<group>"; };
		FC0F4E341696774900B9EA5C /* SMKBaseTestCase.m */ = {isa = PBXFileReference; fileEncoding = 4; lastKnownFileType = sourcecode.c.objc; path = SMKBaseTestCase.m; sourceTree = "<group>"; };
		FC0F4E3816967BB000B9EA5C /* SMKBaseTestCase.h */ = {isa = PBXFileReference; fileEncoding = 4; lastKnownFileType = sourcecode.c.h; path = SMKBaseTestCase.h; sourceTree = "<group>"; };
		FC0F4F251697991E00B9EA5C /* SMKSource.h */ = {isa = PBXFileReference; fileEncoding = 4; lastKnownFileType = sourcecode.c.h; name = SMKSource.h; path = Model/SMKSource.h; sourceTree = "<group>"; };
		FC0F4F261697991E00B9EA5C /* SMKSource.m */ = {isa = PBXFileReference; fileEncoding = 4; lastKnownFileType = sourcecode.c.objc; name = SMKSource.m; path = Model/SMKSource.m; sourceTree = "<group>"; };
		FC0F4F291697993700B9EA5C /* SMKNote.h */ = {isa = PBXFileReference; fileEncoding = 4; lastKnownFileType = sourcecode.c.h; name = SMKNote.h; path = Model/SMKNote.h; sourceTree = "<group>"; };
		FC0F4F2A1697993700B9EA5C /* SMKNote.m */ = {isa = PBXFileReference; fileEncoding = 4; lastKnownFileType = sourcecode.c.objc; name = SMKNote.m; path = Model/SMKNote.m; sourceTree = "<group>"; };
		FC16F8911C9A0A5B007CB4FF /* SMKExperimentEnumerator.h */ = {isa = PBXFileReference; fileEncoding = 4; lastKnownFileType = sourcecode.c.h; name = SMKExperimentEnumerator.h; path = Behavioral/SMKExperimentEnumerator.h; sourceTree = "<group>"; };
		FC16F8921C9A0A5B007CB4FF /* SMKExperimentEnumerator.m */ = {isa = PBXFileReference; fileEncoding = 4; lastKnownFileType = sourcecode.c.objc; name = SMKExperimentEnumerator.m; path = Behavioral/SMKExperimentEnumerator.m; sourceTree = "<group>"; };
		FC16F8931C9A0A5B007CB4FF /* SMKExperiment.h */ = {isa = PBXFileReference; fileEncoding = 4; lastKnownFileType = sourcecode.c.h; name = SMKExperiment.h; path = Model/SMKExperiment.h; sourceTree = "<group>"; };
		FC16F8941C9A0A5B007CB4FF /* SMKExperiment.m */ = {isa = PBXFileReference; fileEncoding = 4; lastKnownFileType = sourcecode.c.objc; name = SMKExperiment.m; path = Model/SMKExperiment.m; sourceTree = "<group>"; };
		FC50C13B16B84FED00656CC0 /* SMKEpochGroupEnumerator.h */ = {isa = PBXFileReference; fileEncoding = 4; lastKnownFileType = sourcecode.c.h; name = SMKEpochGroupEnumerator.h; path = Behavioral/SMKEpochGroupEnumerator.h; sourceTree = "<group>"; };
		FC50C13C16B84FED00656CC0 /* SMKEpochGroupEnumerator.m */ = {isa = PBXFileReference; fileEncoding = 4; lastKnownFileType = sourcecode.c.objc; name = SMKEpochGroupEnumerator.m; path = Behavioral/SMKEpochGroupEnumerator.m; sourceTree = "<group>"; };
		FC50C13F16B8C06600656CC0 /* MACHdf5Reader.h */ = {isa = PBXFileReference; fileEncoding = 4; lastKnownFileType = sourcecode.c.h; name = MACHdf5Reader.h; path = Hdf5/MACHdf5Reader.h; sourceTree = "<group>"; };
		FC50C14016B8C06600656CC0 /* MACHdf5Reader.m */ = {isa = PBXFileReference; fileEncoding = 4; lastKnownFileType = sourcecode.c.objc; name = MACHdf5Reader.m; path = Hdf5/MACHdf5Reader.m; sourceTree = "<group>"; };
		FC5D2EFC1C9A1FF4005A8222 /* 2016-03-16.h5 */ = {isa = PBXFileReference; lastKnownFileType = file; name = "2016-03-16.h5"; path = "Fixtures/2016-03-16.h5"; sourceTree = "<group>"; };
		FC5D2F021C9A245D005A8222 /* SMKDataFileReaderTest.m */ = {isa = PBXFileReference; fileEncoding = 4; lastKnownFileType = sourcecode.c.objc; path = SMKDataFileReaderTest.m; sourceTree = "<group>"; };
		FC5D2F041C9A2881005A8222 /* SMKExperimentEnumeratorTest.m */ = {isa = PBXFileReference; fileEncoding = 4; lastKnownFileType = sourcecode.c.objc; path = SMKExperimentEnumeratorTest.m; sourceTree = "<group>"; };
		FC5D2F061C9B7FB6005A8222 /* SMKSourceEnumerator.h */ = {isa = PBXFileReference; fileEncoding = 4; lastKnownFileType = sourcecode.c.h; name = SMKSourceEnumerator.h; path = Behavioral/SMKSourceEnumerator.h; sourceTree = "<group>"; };
		FC5D2F071C9B7FB6005A8222 /* SMKSourceEnumerator.m */ = {isa = PBXFileReference; fileEncoding = 4; lastKnownFileType = sourcecode.c.objc; name = SMKSourceEnumerator.m; path = Behavioral/SMKSourceEnumerator.m; sourceTree = "<group>"; };
		FC5D2F081C9B7FB6005A8222 /* SMKDeviceEnumerator.h */ = {isa = PBXFileReference; fileEncoding = 4; lastKnownFileType = sourcecode.c.h; name = SMKDeviceEnumerator.h; path = Behavioral/SMKDeviceEnumerator.h; sourceTree = "<group>"; };
		FC5D2F091C9B7FB6005A8222 /* SMKDeviceEnumerator.m */ = {isa = PBXFileReference; fileEncoding = 4; lastKnownFileType = sourcecode.c.objc; name = SMKDeviceEnumerator.m; path = Behavioral/SMKDeviceEnumerator.m; sourceTree = "<group>"; };
		FC5D2F0E1C9B83F6005A8222 /* SMKDevice.h */ = {isa = PBXFileReference; fileEncoding = 4; lastKnownFileType = sourcecode.c.h; name = SMKDevice.h; path = Model/SMKDevice.h; sourceTree = "<group>"; };
		FC5D2F0F1C9B83F6005A8222 /* SMKDevice.m */ = {isa = PBXFileReference; fileEncoding = 4; lastKnownFileType = sourcecode.c.objc; name = SMKDevice.m; path = Model/SMKDevice.m; sourceTree = "<group>"; };
		FC5D2F121C9C8416005A8222 /* SMKEntity.h */ = {isa = PBXFileReference; fileEncoding = 4; lastKnownFileType = sourcecode.c.h; name = SMKEntity.h; path = Model/SMKEntity.h; sourceTree = "<group>"; };
		FC5D2F131C9C8416005A8222 /* SMKEntity.m */ = {isa = PBXFileReference; fileEncoding = 4; lastKnownFileType = sourcecode.c.objc; name = SMKEntity.m; path = Model/SMKEntity.m; sourceTree = "<group>"; };
		FC5D2F161C9C8454005A8222 /* SMKTimelineEntity.h */ = {isa = PBXFileReference; fileEncoding = 4; lastKnownFileType = sourcecode.c.h; name = SMKTimelineEntity.h; path = Model/SMKTimelineEntity.h; sourceTree = "<group>"; };
		FC5D2F171C9C8454005A8222 /* SMKTimelineEntity.m */ = {isa = PBXFileReference; fileEncoding = 4; lastKnownFileType = sourcecode.c.objc; name = SMKTimelineEntity.m; path = Model/SMKTimelineEntity.m; sourceTree = "<group>"; };
		FC5D2F1A1C9C8F33005A8222 /* SMKEntityEnumerator.h */ = {isa = PBXFileReference; fileEncoding = 4; lastKnownFileType = sourcecode.c.h; name = SMKEntityEnumerator.h; path = Behavioral/SMKEntityEnumerator.h; sourceTree = "<group>"; };
		FC5D2F1B1C9C8F33005A8222 /* SMKEntityEnumerator.m */ = {isa = PBXFileReference; fileEncoding = 4; lastKnownFileType = sourcecode.c.objc; name = SMKEntityEnumerator.m; path = Behavioral/SMKEntityEnumerator.m; sourceTree = "<group>"; };
		FC5D2F1E1C9C8F63005A8222 /* SMKTimelineEntityEnumerator.h */ = {isa = PBXFileReference; fileEncoding = 4; lastKnownFileType = sourcecode.c.h; name = SMKTimelineEntityEnumerator.h; path = Behavioral/SMKTimelineEntityEnumerator.h; sourceTree = "<group>"; };
		FC5D2F1F1C9C8F63005A8222 /* SMKTimelineEntityEnumerator.m */ = {isa = PBXFileReference; fileEncoding = 4; lastKnownFileType = sourcecode.c.objc; name = SMKTimelineEntityEnumerator.m; path = Behavioral/SMKTimelineEntityEnumerator.m; sourceTree = "<group>"; };
		FC5D2F221C9CA3E4005A8222 /* SMKDeviceEnumeratorTest.m */ = {isa = PBXFileReference; fileEncoding = 4; lastKnownFileType = sourcecode.c.objc; path = SMKDeviceEnumeratorTest.m; sourceTree = "<group>"; };
		FC5D2F231C9CA3E4005A8222 /* SMKSourceEnumeratorTest.m */ = {isa = PBXFileReference; fileEncoding = 4; lastKnownFileType = sourcecode.c.objc; path = SMKSourceEnumeratorTest.m; sourceTree = "<group>"; };
		FC5D2F281C9CB395005A8222 /* SMKEpochGroupEnumeratorTest.m */ = {isa = PBXFileReference; fileEncoding = 4; lastKnownFileType = sourcecode.c.objc; path = SMKEpochGroupEnumeratorTest.m; sourceTree = "<group>"; };
		FC5D2F2A1C9CB5FA005A8222 /* SMKEpochBlock.h */ = {isa = PBXFileReference; fileEncoding = 4; lastKnownFileType = sourcecode.c.h; name = SMKEpochBlock.h; path = Model/SMKEpochBlock.h; sourceTree = "<group>"; };
		FC5D2F2B1C9CB5FA005A8222 /* SMKEpochBlock.m */ = {isa = PBXFileReference; fileEncoding = 4; lastKnownFileType = sourcecode.c.objc; name = SMKEpochBlock.m; path = Model/SMKEpochBlock.m; sourceTree = "<group>"; };
		FC5D2F2E1C9CB638005A8222 /* SMKEpochBlockEnumerator.h */ = {isa = PBXFileReference; fileEncoding = 4; lastKnownFileType = sourcecode.c.h; name = SMKEpochBlockEnumerator.h; path = Behavioral/SMKEpochBlockEnumerator.h; sourceTree = "<group>"; };
		FC5D2F2F1C9CB638005A8222 /* SMKEpochBlockEnumerator.m */ = {isa = PBXFileReference; fileEncoding = 4; lastKnownFileType = sourcecode.c.objc; name = SMKEpochBlockEnumerator.m; path = Behavioral/SMKEpochBlockEnumerator.m; sourceTree = "<group>"; };
		FC5D2F321C9CBC75005A8222 /* SMKEpochBlockEnumeratorTest.m */ = {isa = PBXFileReference; fileEncoding = 4; lastKnownFileType = sourcecode.c.objc; path = SMKEpochBlockEnumeratorTest.m; sourceTree = "<group>"; };
		FC5D2F361C9CC7D4005A8222 /* SMKEpochEnumeratorTest.m */ = {isa = PBXFileReference; fileEncoding = 4; lastKnownFileType = sourcecode.c.objc; path = SMKEpochEnumeratorTest.m; sourceTree = "<group>"; };
		FC5D2F381C9CC8FE005A8222 /* SMKBackground.h */ = {isa = PBXFileReference; fileEncoding = 4; lastKnownFileType = sourcecode.c.h; name = SMKBackground.h; path = Model/SMKBackground.h; sourceTree = "<group>"; };
		FC5D2F391C9CC8FE005A8222 /* SMKBackground.m */ = {isa = PBXFileReference; fileEncoding = 4; lastKnownFileType = sourcecode.c.objc; name = SMKBackground.m; path = Model/SMKBackground.m; sourceTree = "<group>"; };
		FC5D2F3C1C9CCB36005A8222 /* SMKStimulusEnumerator.h */ = {isa = PBXFileReference; fileEncoding = 4; lastKnownFileType = sourcecode.c.h; name = SMKStimulusEnumerator.h; path = Behavioral/SMKStimulusEnumerator.h; sourceTree = "<group>"; };
		FC5D2F3D1C9CCB36005A8222 /* SMKStimulusEnumerator.m */ = {isa = PBXFileReference; fileEncoding = 4; lastKnownFileType = sourcecode.c.objc; name = SMKStimulusEnumerator.m; path = Behavioral/SMKStimulusEnumerator.m; sourceTree = "<group>"; };
		FC5D2F3E1C9CCB36005A8222 /* SMKResponseEnumerator.h */ = {isa = PBXFileReference; fileEncoding = 4; lastKnownFileType = sourcecode.c.h; name = SMKResponseEnumerator.h; path = Behavioral/SMKResponseEnumerator.h; sourceTree = "<group>"; };
		FC5D2F3F1C9CCB36005A8222 /* SMKResponseEnumerator.m */ = {isa = PBXFileReference; fileEncoding = 4; lastKnownFileType = sourcecode.c.objc; name = SMKResponseEnumerator.m; path = Behavioral/SMKResponseEnumerator.m; sourceTree = "<group>"; };
		FC5D2F401C9CCB36005A8222 /* SMKIOBaseEnumerator.h */ = {isa = PBXFileReference; fileEncoding = 4; lastKnownFileType = sourcecode.c.h; name = SMKIOBaseEnumerator.h; path = Behavioral/SMKIOBaseEnumerator.h; sourceTree = "<group>"; };
		FC5D2F411C9CCB36005A8222 /* SMKIOBaseEnumerator.m */ = {isa = PBXFileReference; fileEncoding = 4; lastKnownFileType = sourcecode.c.objc; name = SMKIOBaseEnumerator.m; path = Behavioral/SMKIOBaseEnumerator.m; sourceTree = "<group>"; };
		FC5D2F421C9CCB36005A8222 /* SMKBackgroundEnumerator.h */ = {isa = PBXFileReference; fileEncoding = 4; lastKnownFileType = sourcecode.c.h; name = SMKBackgroundEnumerator.h; path = Behavioral/SMKBackgroundEnumerator.h; sourceTree = "<group>"; };
		FC5D2F431C9CCB36005A8222 /* SMKBackgroundEnumerator.m */ = {isa = PBXFileReference; fileEncoding = 4; lastKnownFileType = sourcecode.c.objc; name = SMKBackgroundEnumerator.m; path = Behavioral/SMKBackgroundEnumerator.m; sourceTree = "<group>"; };
		FC5D2F4C1C9CD29F005A8222 /* SMKResponseEnumeratorTest.m */ = {isa = PBXFileReference; fileEncoding = 4; lastKnownFileType = sourcecode.c.objc; path = SMKResponseEnumeratorTest.m; sourceTree = "<group>"; };
		FC5D2F4D1C9CD29F005A8222 /* SMKStimulusEnumeratorTest.m */ = {isa = PBXFileReference; fileEncoding = 4; lastKnownFileType = sourcecode.c.objc; path = SMKStimulusEnumeratorTest.m; sourceTree = "<group>"; };
		FC5D2F4E1C9CD2A0005A8222 /* SMKBackgroundEnumeratorTest.m */ = {isa = PBXFileReference; fileEncoding = 4; lastKnownFileType = sourcecode.c.objc; path = SMKBackgroundEnumeratorTest.m; sourceTree = "<group>"; };
		FC63E7451CA077120063737F /* SMKExperimentMapperTest.m */ = {isa = PBXFileReference; fileEncoding = 4; lastKnownFileType = sourcecode.c.objc; path = SMKExperimentMapperTest.m; sourceTree = "<group>"; };
		FC6B6E1D169612C0006B4688 /* SymphonyMappingKit.framework */ = {isa = PBXFileReference; explicitFileType = wrapper.framework; includeInIndex = 0; path = SymphonyMappingKit.framework; sourceTree = BUILT_PRODUCTS_DIR; };
		FC6B6E20169612C0006B4688 /* Cocoa.framework */ = {isa = PBXFileReference; lastKnownFileType = wrapper.framework; name = Cocoa.framework; path = System/Library/Frameworks/Cocoa.framework; sourceTree = SDKROOT; };
		FC6B6E23169612C0006B4688 /* AppKit.framework */ = {isa = PBXFileReference; lastKnownFileType = wrapper.framework; name = AppKit.framework; path = System/Library/Frameworks/AppKit.framework; sourceTree = SDKROOT; };
		FC6B6E24169612C0006B4688 /* CoreData.framework */ = {isa = PBXFileReference; lastKnownFileType = wrapper.framework; name = CoreData.framework; path = System/Library/Frameworks/CoreData.framework; sourceTree = SDKROOT; };
		FC6B6E25169612C0006B4688 /* Foundation.framework */ = {isa = PBXFileReference; lastKnownFileType = wrapper.framework; name = Foundation.framework; path = System/Library/Frameworks/Foundation.framework; sourceTree = SDKROOT; };
		FC6B6E28169612C0006B4688 /* SymphonyMappingKit-Info.plist */ = {isa = PBXFileReference; lastKnownFileType = text.plist.xml; path = "SymphonyMappingKit-Info.plist"; sourceTree = "<group>"; };
		FC6B6E2A169612C0006B4688 /* en */ = {isa = PBXFileReference; lastKnownFileType = text.plist.strings; name = en; path = en.lproj/InfoPlist.strings; sourceTree = "<group>"; };
		FC6B6E2C169612C0006B4688 /* SymphonyMappingKit-Prefix.pch */ = {isa = PBXFileReference; lastKnownFileType = sourcecode.c.h; path = "SymphonyMappingKit-Prefix.pch"; sourceTree = "<group>"; };
		FC6B6E35169612C0006B4688 /* SymphonyMappingKitTests.xctest */ = {isa = PBXFileReference; explicitFileType = wrapper.cfbundle; includeInIndex = 0; path = SymphonyMappingKitTests.xctest; sourceTree = BUILT_PRODUCTS_DIR; };
		FC6B6E36169612C0006B4688 /* XCTest.framework */ = {isa = PBXFileReference; lastKnownFileType = wrapper.framework; name = XCTest.framework; path = Library/Frameworks/XCTest.framework; sourceTree = DEVELOPER_DIR; };
		FC6B6E3E169612C0006B4688 /* SymphonyMappingKitTests-Info.plist */ = {isa = PBXFileReference; lastKnownFileType = text.plist.xml; path = "SymphonyMappingKitTests-Info.plist"; sourceTree = "<group>"; };
		FC6B6E40169612C0006B4688 /* en */ = {isa = PBXFileReference; lastKnownFileType = text.plist.strings; name = en; path = en.lproj/InfoPlist.strings; sourceTree = "<group>"; };
		FC6B6E4D16961335006B4688 /* SMKExperimentMapper.h */ = {isa = PBXFileReference; fileEncoding = 4; lastKnownFileType = sourcecode.c.h; name = SMKExperimentMapper.h; path = Behavioral/SMKExperimentMapper.h; sourceTree = "<group>"; };
		FC6B6E4E16961335006B4688 /* SMKExperimentMapper.m */ = {isa = PBXFileReference; fileEncoding = 4; lastKnownFileType = sourcecode.c.objc; name = SMKExperimentMapper.m; path = Behavioral/SMKExperimentMapper.m; sourceTree = "<group>"; };
		FC79481516B9B68F00DABE9C /* MACHdf5LinkInformation.h */ = {isa = PBXFileReference; fileEncoding = 4; lastKnownFileType = sourcecode.c.h; name = MACHdf5LinkInformation.h; path = Hdf5/MACHdf5LinkInformation.h; sourceTree = "<group>"; };
		FC79481616B9B68F00DABE9C /* MACHdf5LinkInformation.m */ = {isa = PBXFileReference; fileEncoding = 4; lastKnownFileType = sourcecode.c.objc; name = MACHdf5LinkInformation.m; path = Hdf5/MACHdf5LinkInformation.m; sourceTree = "<group>"; };
		FC7C8DE416B3279800F9E8A6 /* SMKDataFileReader.h */ = {isa = PBXFileReference; fileEncoding = 4; lastKnownFileType = sourcecode.c.h; name = SMKDataFileReader.h; path = Behavioral/SMKDataFileReader.h; sourceTree = "<group>"; };
		FC7C8DE516B3279800F9E8A6 /* SMKDataFileReader.m */ = {isa = PBXFileReference; fileEncoding = 4; lastKnownFileType = sourcecode.c.objc; name = SMKDataFileReader.m; path = Behavioral/SMKDataFileReader.m; sourceTree = "<group>"; };
		FC7C8DE916B3442500F9E8A6 /* SMKEpochGroup.h */ = {isa = PBXFileReference; fileEncoding = 4; lastKnownFileType = sourcecode.c.h; name = SMKEpochGroup.h; path = Model/SMKEpochGroup.h; sourceTree = "<group>"; };
		FC7C8DEA16B3442500F9E8A6 /* SMKEpochGroup.m */ = {isa = PBXFileReference; fileEncoding = 4; lastKnownFileType = sourcecode.c.objc; name = SMKEpochGroup.m; path = Model/SMKEpochGroup.m; sourceTree = "<group>"; };
		FC98DD1616C4A4D50039E8B4 /* BWFileSystemResource+UrlFix.h */ = {isa = PBXFileReference; fileEncoding = 4; lastKnownFileType = sourcecode.c.h; name = "BWFileSystemResource+UrlFix.h"; path = "CoreData/BWFileSystemResource+UrlFix.h"; sourceTree = "<group>"; };
		FC98DD1716C4A4D50039E8B4 /* BWFileSystemResource+UrlFix.m */ = {isa = PBXFileReference; fileEncoding = 4; lastKnownFileType = sourcecode.c.objc; name = "BWFileSystemResource+UrlFix.m"; path = "CoreData/BWFileSystemResource+UrlFix.m"; sourceTree = "<group>"; };
		FC98DD3116CB19070039E8B4 /* ExternalDevicesPlugin.plugin */ = {isa = PBXFileReference; lastKnownFileType = wrapper; name = ExternalDevicesPlugin.plugin; path = SymphonyMappingKit/Resources/ExternalDevicesPlugin.plugin; sourceTree = "<group>"; };
		FC98DD3316CC24250039E8B4 /* SMKIOBase.h */ = {isa = PBXFileReference; fileEncoding = 4; lastKnownFileType = sourcecode.c.h; name = SMKIOBase.h; path = Model/SMKIOBase.h; sourceTree = "<group>"; };
		FC98DD3416CC24260039E8B4 /* SMKIOBase.m */ = {isa = PBXFileReference; fileEncoding = 4; lastKnownFileType = sourcecode.c.objc; name = SMKIOBase.m; path = Model/SMKIOBase.m; sourceTree = "<group>"; };
		FCC63F5E16BB1FD200BDDD57 /* MACHdf5CommonInformation.h */ = {isa = PBXFileReference; fileEncoding = 4; lastKnownFileType = sourcecode.c.h; name = MACHdf5CommonInformation.h; path = Hdf5/MACHdf5CommonInformation.h; sourceTree = "<group>"; };
		FCC63F5F16BB1FD200BDDD57 /* MACHdf5CommonInformation.m */ = {isa = PBXFileReference; fileEncoding = 4; lastKnownFileType = sourcecode.c.objc; name = MACHdf5CommonInformation.m; path = Hdf5/MACHdf5CommonInformation.m; sourceTree = "<group>"; };
		FCC63F6216BB1FEA00BDDD57 /* MACHdf5ObjectInformation.h */ = {isa = PBXFileReference; fileEncoding = 4; lastKnownFileType = sourcecode.c.h; name = MACHdf5ObjectInformation.h; path = Hdf5/MACHdf5ObjectInformation.h; sourceTree = "<group>"; };
		FCC63F6316BB1FEA00BDDD57 /* MACHdf5ObjectInformation.m */ = {isa = PBXFileReference; fileEncoding = 4; lastKnownFileType = sourcecode.c.objc; name = MACHdf5ObjectInformation.m; path = Hdf5/MACHdf5ObjectInformation.m; sourceTree = "<group>"; };
		FCC63F6616BB3B5400BDDD57 /* SMKEpoch.h */ = {isa = PBXFileReference; fileEncoding = 4; lastKnownFileType = sourcecode.c.h; name = SMKEpoch.h; path = Model/SMKEpoch.h; sourceTree = "<group>"; };
		FCC63F6716BB3B5400BDDD57 /* SMKEpoch.m */ = {isa = PBXFileReference; fileEncoding = 4; lastKnownFileType = sourcecode.c.objc; name = SMKEpoch.m; path = Model/SMKEpoch.m; sourceTree = "<group>"; };
		FCC63F6A16BB3B7A00BDDD57 /* SMKEpochEnumerator.h */ = {isa = PBXFileReference; fileEncoding = 4; lastKnownFileType = sourcecode.c.h; name = SMKEpochEnumerator.h; path = Behavioral/SMKEpochEnumerator.h; sourceTree = "<group>"; };
		FCC63F6B16BB3B7A00BDDD57 /* SMKEpochEnumerator.m */ = {isa = PBXFileReference; fileEncoding = 4; lastKnownFileType = sourcecode.c.objc; name = SMKEpochEnumerator.m; path = Behavioral/SMKEpochEnumerator.m; sourceTree = "<group>"; };
		FCC63F7A16C0932500BDDD57 /* SMKResponse.h */ = {isa = PBXFileReference; fileEncoding = 4; lastKnownFileType = sourcecode.c.h; name = SMKResponse.h; path = Model/SMKResponse.h; sourceTree = "<group>"; };
		FCC63F7B16C0932500BDDD57 /* SMKResponse.m */ = {isa = PBXFileReference; fileEncoding = 4; lastKnownFileType = sourcecode.c.objc; name = SMKResponse.m; path = Model/SMKResponse.m; sourceTree = "<group>"; };
		FCC63F7E16C0933A00BDDD57 /* SMKStimulus.h */ = {isa = PBXFileReference; fileEncoding = 4; lastKnownFileType = sourcecode.c.h; name = SMKStimulus.h; path = Model/SMKStimulus.h; sourceTree = "<group>"; };
		FCC63F7F16C0933B00BDDD57 /* SMKStimulus.m */ = {isa = PBXFileReference; fileEncoding = 4; lastKnownFileType = sourcecode.c.objc; name = SMKStimulus.m; path = Model/SMKStimulus.m; sourceTree = "<group>"; };
/* End PBXFileReference section */

/* Begin PBXFrameworksBuildPhase section */
		FC6B6E19169612C0006B4688 /* Frameworks */ = {
			isa = PBXFrameworksBuildPhase;
			buildActionMask = 2147483647;
			files = (
				FC0F4E2F169671C700B9EA5C /* AUIModel.framework in Frameworks */,
				FC0F4E30169671C700B9EA5C /* AUIProtocols.framework in Frameworks */,
				FC0F4E31169671C700B9EA5C /* BWKit.framework in Frameworks */,
				FC0F4E32169671C700B9EA5C /* DAQFramework.framework in Frameworks */,
				FC6B6E21169612C0006B4688 /* Cocoa.framework in Frameworks */,
			);
			runOnlyForDeploymentPostprocessing = 0;
		};
		FC6B6E31169612C0006B4688 /* Frameworks */ = {
			isa = PBXFrameworksBuildPhase;
			buildActionMask = 2147483647;
			files = (
				FCAADD5816C32F49003341CD /* AUIModel.framework in Frameworks */,
				FC6B6E37169612C0006B4688 /* XCTest.framework in Frameworks */,
				FC6B6E38169612C0006B4688 /* Cocoa.framework in Frameworks */,
				FC6B6E3B169612C0006B4688 /* SymphonyMappingKit.framework in Frameworks */,
			);
			runOnlyForDeploymentPostprocessing = 0;
		};
/* End PBXFrameworksBuildPhase section */

/* Begin PBXGroup section */
		FC0F4F161697922E00B9EA5C /* Fixtures */ = {
			isa = PBXGroup;
			children = (
				FC5D2EFC1C9A1FF4005A8222 /* 2016-03-16.h5 */,
			);
			name = Fixtures;
			sourceTree = "<group>";
		};
		FC0F4F24169798E300B9EA5C /* Model */ = {
			isa = PBXGroup;
			children = (
				FC5D2F121C9C8416005A8222 /* SMKEntity.h */,
				FC5D2F131C9C8416005A8222 /* SMKEntity.m */,
				FC5D2F161C9C8454005A8222 /* SMKTimelineEntity.h */,
				FC5D2F171C9C8454005A8222 /* SMKTimelineEntity.m */,
				FC5D2F0E1C9B83F6005A8222 /* SMKDevice.h */,
				FC5D2F0F1C9B83F6005A8222 /* SMKDevice.m */,
				FC16F8931C9A0A5B007CB4FF /* SMKExperiment.h */,
				FC16F8941C9A0A5B007CB4FF /* SMKExperiment.m */,
				FC0F4F251697991E00B9EA5C /* SMKSource.h */,
				FC0F4F261697991E00B9EA5C /* SMKSource.m */,
				FC0F4F291697993700B9EA5C /* SMKNote.h */,
				FC0F4F2A1697993700B9EA5C /* SMKNote.m */,
				FC7C8DE916B3442500F9E8A6 /* SMKEpochGroup.h */,
				FC7C8DEA16B3442500F9E8A6 /* SMKEpochGroup.m */,
				FC5D2F2A1C9CB5FA005A8222 /* SMKEpochBlock.h */,
				FC5D2F2B1C9CB5FA005A8222 /* SMKEpochBlock.m */,
				FCC63F6616BB3B5400BDDD57 /* SMKEpoch.h */,
				FCC63F6716BB3B5400BDDD57 /* SMKEpoch.m */,
				FC5D2F381C9CC8FE005A8222 /* SMKBackground.h */,
				FC5D2F391C9CC8FE005A8222 /* SMKBackground.m */,
				FC98DD3316CC24250039E8B4 /* SMKIOBase.h */,
				FC98DD3416CC24260039E8B4 /* SMKIOBase.m */,
				FCC63F7A16C0932500BDDD57 /* SMKResponse.h */,
				FCC63F7B16C0932500BDDD57 /* SMKResponse.m */,
				FCC63F7E16C0933A00BDDD57 /* SMKStimulus.h */,
				FCC63F7F16C0933B00BDDD57 /* SMKStimulus.m */,
			);
			name = Model;
			sourceTree = "<group>";
		};
		FC6B6E11169612C0006B4688 = {
			isa = PBXGroup;
			children = (
				FC6B6E26169612C0006B4688 /* SymphonyMappingKit */,
				FC6B6E3C169612C0006B4688 /* SymphonyMappingKitTests */,
				FC7C8DFC16B72AB900F9E8A6 /* Libraries */,
				FC98DD3016CB18710039E8B4 /* Resources */,
				FC6B6E1F169612C0006B4688 /* Frameworks */,
				FC6B6E1E169612C0006B4688 /* Products */,
			);
			sourceTree = "<group>";
		};
		FC6B6E1E169612C0006B4688 /* Products */ = {
			isa = PBXGroup;
			children = (
				FC6B6E1D169612C0006B4688 /* SymphonyMappingKit.framework */,
				FC6B6E35169612C0006B4688 /* SymphonyMappingKitTests.xctest */,
			);
			name = Products;
			sourceTree = "<group>";
		};
		FC6B6E1F169612C0006B4688 /* Frameworks */ = {
			isa = PBXGroup;
			children = (
				FC0F4E271696719600B9EA5C /* AUIModel.framework */,
				FC0F4E281696719600B9EA5C /* AUIProtocols.framework */,
				FC0F4E291696719600B9EA5C /* BWKit.framework */,
				FC0F4E2A1696719600B9EA5C /* DAQFramework.framework */,
				FC6B6E20169612C0006B4688 /* Cocoa.framework */,
				FC6B6E36169612C0006B4688 /* XCTest.framework */,
				FC6B6E22169612C0006B4688 /* Other Frameworks */,
			);
			name = Frameworks;
			sourceTree = "<group>";
		};
		FC6B6E22169612C0006B4688 /* Other Frameworks */ = {
			isa = PBXGroup;
			children = (
				FC6B6E23169612C0006B4688 /* AppKit.framework */,
				FC6B6E24169612C0006B4688 /* CoreData.framework */,
				FC6B6E25169612C0006B4688 /* Foundation.framework */,
			);
			name = "Other Frameworks";
			sourceTree = "<group>";
		};
		FC6B6E26169612C0006B4688 /* SymphonyMappingKit */ = {
			isa = PBXGroup;
			children = (
				FC0F4F24169798E300B9EA5C /* Model */,
				FC6B6E511696133D006B4688 /* Behavioral */,
				FC6B6E27169612C0006B4688 /* Supporting Files */,
				FC79481416B9B50900DABE9C /* Hdf5 */,
				FC98DD1516C4A44B0039E8B4 /* CoreData */,
			);
			path = SymphonyMappingKit;
			sourceTree = "<group>";
		};
		FC6B6E27169612C0006B4688 /* Supporting Files */ = {
			isa = PBXGroup;
			children = (
				FC6B6E28169612C0006B4688 /* SymphonyMappingKit-Info.plist */,
				FC6B6E29169612C0006B4688 /* InfoPlist.strings */,
				FC6B6E2C169612C0006B4688 /* SymphonyMappingKit-Prefix.pch */,
			);
			name = "Supporting Files";
			sourceTree = "<group>";
		};
		FC6B6E3C169612C0006B4688 /* SymphonyMappingKitTests */ = {
			isa = PBXGroup;
			children = (
				FC6B6E3D169612C0006B4688 /* Supporting Files */,
				FC0F4F161697922E00B9EA5C /* Fixtures */,
				FC0F4E3816967BB000B9EA5C /* SMKBaseTestCase.h */,
				FC0F4E341696774900B9EA5C /* SMKBaseTestCase.m */,
				FC5D2F021C9A245D005A8222 /* SMKDataFileReaderTest.m */,
				FC5D2F041C9A2881005A8222 /* SMKExperimentEnumeratorTest.m */,
				FC5D2F221C9CA3E4005A8222 /* SMKDeviceEnumeratorTest.m */,
				FC5D2F231C9CA3E4005A8222 /* SMKSourceEnumeratorTest.m */,
				FC5D2F281C9CB395005A8222 /* SMKEpochGroupEnumeratorTest.m */,
				FC5D2F321C9CBC75005A8222 /* SMKEpochBlockEnumeratorTest.m */,
				FC5D2F361C9CC7D4005A8222 /* SMKEpochEnumeratorTest.m */,
				FC5D2F4C1C9CD29F005A8222 /* SMKResponseEnumeratorTest.m */,
				FC5D2F4D1C9CD29F005A8222 /* SMKStimulusEnumeratorTest.m */,
				FC5D2F4E1C9CD2A0005A8222 /* SMKBackgroundEnumeratorTest.m */,
				FC63E7451CA077120063737F /* SMKExperimentMapperTest.m */,
			);
			path = SymphonyMappingKitTests;
			sourceTree = "<group>";
		};
		FC6B6E3D169612C0006B4688 /* Supporting Files */ = {
			isa = PBXGroup;
			children = (
				FC6B6E3E169612C0006B4688 /* SymphonyMappingKitTests-Info.plist */,
				FC6B6E3F169612C0006B4688 /* InfoPlist.strings */,
			);
			name = "Supporting Files";
			sourceTree = "<group>";
		};
		FC6B6E511696133D006B4688 /* Behavioral */ = {
			isa = PBXGroup;
			children = (
				FC5D2F1A1C9C8F33005A8222 /* SMKEntityEnumerator.h */,
				FC5D2F1B1C9C8F33005A8222 /* SMKEntityEnumerator.m */,
				FC5D2F1E1C9C8F63005A8222 /* SMKTimelineEntityEnumerator.h */,
				FC5D2F1F1C9C8F63005A8222 /* SMKTimelineEntityEnumerator.m */,
				FC5D2F061C9B7FB6005A8222 /* SMKSourceEnumerator.h */,
				FC5D2F071C9B7FB6005A8222 /* SMKSourceEnumerator.m */,
				FC5D2F081C9B7FB6005A8222 /* SMKDeviceEnumerator.h */,
				FC5D2F091C9B7FB6005A8222 /* SMKDeviceEnumerator.m */,
				FC16F8911C9A0A5B007CB4FF /* SMKExperimentEnumerator.h */,
				FC16F8921C9A0A5B007CB4FF /* SMKExperimentEnumerator.m */,
				FC50C13B16B84FED00656CC0 /* SMKEpochGroupEnumerator.h */,
				FC50C13C16B84FED00656CC0 /* SMKEpochGroupEnumerator.m */,
				FC5D2F2E1C9CB638005A8222 /* SMKEpochBlockEnumerator.h */,
				FC5D2F2F1C9CB638005A8222 /* SMKEpochBlockEnumerator.m */,
				FCC63F6A16BB3B7A00BDDD57 /* SMKEpochEnumerator.h */,
				FCC63F6B16BB3B7A00BDDD57 /* SMKEpochEnumerator.m */,
				FC5D2F3C1C9CCB36005A8222 /* SMKStimulusEnumerator.h */,
				FC5D2F3D1C9CCB36005A8222 /* SMKStimulusEnumerator.m */,
				FC5D2F3E1C9CCB36005A8222 /* SMKResponseEnumerator.h */,
				FC5D2F3F1C9CCB36005A8222 /* SMKResponseEnumerator.m */,
				FC5D2F401C9CCB36005A8222 /* SMKIOBaseEnumerator.h */,
				FC5D2F411C9CCB36005A8222 /* SMKIOBaseEnumerator.m */,
				FC5D2F421C9CCB36005A8222 /* SMKBackgroundEnumerator.h */,
				FC5D2F431C9CCB36005A8222 /* SMKBackgroundEnumerator.m */,
				FC6B6E4D16961335006B4688 /* SMKExperimentMapper.h */,
				FC6B6E4E16961335006B4688 /* SMKExperimentMapper.m */,
				FC7C8DE416B3279800F9E8A6 /* SMKDataFileReader.h */,
				FC7C8DE516B3279800F9E8A6 /* SMKDataFileReader.m */,
			);
			name = Behavioral;
			sourceTree = "<group>";
		};
		FC79481416B9B50900DABE9C /* Hdf5 */ = {
			isa = PBXGroup;
			children = (
				FC50C13F16B8C06600656CC0 /* MACHdf5Reader.h */,
				FC50C14016B8C06600656CC0 /* MACHdf5Reader.m */,
				FC79481516B9B68F00DABE9C /* MACHdf5LinkInformation.h */,
				FC79481616B9B68F00DABE9C /* MACHdf5LinkInformation.m */,
				FCC63F5E16BB1FD200BDDD57 /* MACHdf5CommonInformation.h */,
				FCC63F5F16BB1FD200BDDD57 /* MACHdf5CommonInformation.m */,
				FCC63F6216BB1FEA00BDDD57 /* MACHdf5ObjectInformation.h */,
				FCC63F6316BB1FEA00BDDD57 /* MACHdf5ObjectInformation.m */,
			);
			name = Hdf5;
			sourceTree = "<group>";
		};
		FC7C8DFC16B72AB900F9E8A6 /* Libraries */ = {
			isa = PBXGroup;
			children = (
			);
			name = Libraries;
			sourceTree = "<group>";
		};
		FC98DD1516C4A44B0039E8B4 /* CoreData */ = {
			isa = PBXGroup;
			children = (
				FC98DD1616C4A4D50039E8B4 /* BWFileSystemResource+UrlFix.h */,
				FC98DD1716C4A4D50039E8B4 /* BWFileSystemResource+UrlFix.m */,
			);
			name = CoreData;
			sourceTree = "<group>";
		};
		FC98DD3016CB18710039E8B4 /* Resources */ = {
			isa = PBXGroup;
			children = (
				FC98DD3116CB19070039E8B4 /* ExternalDevicesPlugin.plugin */,
			);
			name = Resources;
			sourceTree = "<group>";
		};
/* End PBXGroup section */

/* Begin PBXHeadersBuildPhase section */
		FC6B6E1A169612C0006B4688 /* Headers */ = {
			isa = PBXHeadersBuildPhase;
			buildActionMask = 2147483647;
			files = (
				FC5D2F181C9C8454005A8222 /* SMKTimelineEntity.h in Headers */,
				FC5D2F101C9B83F6005A8222 /* SMKDevice.h in Headers */,
				FC6B6E4F16961335006B4688 /* SMKExperimentMapper.h in Headers */,
				FC0F4F271697991E00B9EA5C /* SMKSource.h in Headers */,
				FC5D2F3A1C9CC8FE005A8222 /* SMKBackground.h in Headers */,
				FC0F4F2B1697993700B9EA5C /* SMKNote.h in Headers */,
				FC7C8DE616B3279800F9E8A6 /* SMKDataFileReader.h in Headers */,
				FC5D2F461C9CCB36005A8222 /* SMKResponseEnumerator.h in Headers */,
				FC5D2F0A1C9B7FB6005A8222 /* SMKSourceEnumerator.h in Headers */,
				FC16F8971C9A0A5B007CB4FF /* SMKExperiment.h in Headers */,
				FC5D2F201C9C8F63005A8222 /* SMKTimelineEntityEnumerator.h in Headers */,
				FC7C8DEB16B3442500F9E8A6 /* SMKEpochGroup.h in Headers */,
				FC5D2F441C9CCB36005A8222 /* SMKStimulusEnumerator.h in Headers */,
				FC50C13D16B84FED00656CC0 /* SMKEpochGroupEnumerator.h in Headers */,
				FC50C14116B8C06700656CC0 /* MACHdf5Reader.h in Headers */,
				FC5D2F0C1C9B7FB6005A8222 /* SMKDeviceEnumerator.h in Headers */,
				FC5D2F481C9CCB36005A8222 /* SMKIOBaseEnumerator.h in Headers */,
				FC5D2F301C9CB638005A8222 /* SMKEpochBlockEnumerator.h in Headers */,
				FC79481716B9B68F00DABE9C /* MACHdf5LinkInformation.h in Headers */,
				FCC63F6016BB1FD200BDDD57 /* MACHdf5CommonInformation.h in Headers */,
				FCC63F6416BB1FEA00BDDD57 /* MACHdf5ObjectInformation.h in Headers */,
				FC16F8951C9A0A5B007CB4FF /* SMKExperimentEnumerator.h in Headers */,
				FCC63F6816BB3B5400BDDD57 /* SMKEpoch.h in Headers */,
				FCC63F6C16BB3B7A00BDDD57 /* SMKEpochEnumerator.h in Headers */,
				FCC63F7C16C0932600BDDD57 /* SMKResponse.h in Headers */,
				FCC63F8016C0933B00BDDD57 /* SMKStimulus.h in Headers */,
				FC98DD1816C4A4D50039E8B4 /* BWFileSystemResource+UrlFix.h in Headers */,
				FC5D2F1C1C9C8F33005A8222 /* SMKEntityEnumerator.h in Headers */,
				FC5D2F4A1C9CCB36005A8222 /* SMKBackgroundEnumerator.h in Headers */,
				FC5D2F141C9C8416005A8222 /* SMKEntity.h in Headers */,
				FC5D2F2C1C9CB5FA005A8222 /* SMKEpochBlock.h in Headers */,
				FC98DD3516CC24260039E8B4 /* SMKIOBase.h in Headers */,
			);
			runOnlyForDeploymentPostprocessing = 0;
		};
/* End PBXHeadersBuildPhase section */

/* Begin PBXNativeTarget section */
		FC6B6E1C169612C0006B4688 /* SymphonyMappingKit */ = {
			isa = PBXNativeTarget;
			buildConfigurationList = FC6B6E47169612C0006B4688 /* Build configuration list for PBXNativeTarget "SymphonyMappingKit" */;
			buildPhases = (
				FC6B6E18169612C0006B4688 /* Sources */,
				FC6B6E19169612C0006B4688 /* Frameworks */,
				FC6B6E1A169612C0006B4688 /* Headers */,
				FC6B6E1B169612C0006B4688 /* Resources */,
				FC98DD2F16CB17A50039E8B4 /* CopyFiles */,
			);
			buildRules = (
			);
			dependencies = (
			);
			name = SymphonyMappingKit;
			productName = SymphonyMappingKit;
			productReference = FC6B6E1D169612C0006B4688 /* SymphonyMappingKit.framework */;
			productType = "com.apple.product-type.framework";
		};
		FC6B6E34169612C0006B4688 /* SymphonyMappingKitTests */ = {
			isa = PBXNativeTarget;
			buildConfigurationList = FC6B6E4A169612C0006B4688 /* Build configuration list for PBXNativeTarget "SymphonyMappingKitTests" */;
			buildPhases = (
				FC6B6E30169612C0006B4688 /* Sources */,
				FC6B6E31169612C0006B4688 /* Frameworks */,
				FC6B6E32169612C0006B4688 /* Resources */,
				FC6B6E33169612C0006B4688 /* ShellScript */,
			);
			buildRules = (
			);
			dependencies = (
				FC6B6E3A169612C0006B4688 /* PBXTargetDependency */,
			);
			name = SymphonyMappingKitTests;
			productName = SymphonyMappingKitTests;
			productReference = FC6B6E35169612C0006B4688 /* SymphonyMappingKitTests.xctest */;
			productType = "com.apple.product-type.bundle.unit-test";
		};
/* End PBXNativeTarget section */

/* Begin PBXProject section */
		FC6B6E13169612C0006B4688 /* Project object */ = {
			isa = PBXProject;
			attributes = {
				LastUpgradeCheck = 1500;
				ORGANIZATIONNAME = "Rieke Lab";
			};
			buildConfigurationList = FC6B6E16169612C0006B4688 /* Build configuration list for PBXProject "SymphonyMappingKit" */;
			compatibilityVersion = "Xcode 14.0";
			developmentRegion = English;
			hasScannedForEncodings = 0;
			knownRegions = (
				en,
			);
			mainGroup = FC6B6E11169612C0006B4688;
			productRefGroup = FC6B6E1E169612C0006B4688 /* Products */;
			projectDirPath = "";
			projectRoot = "";
			targets = (
				FC6B6E1C169612C0006B4688 /* SymphonyMappingKit */,
				FC6B6E34169612C0006B4688 /* SymphonyMappingKitTests */,
			);
		};
/* End PBXProject section */

/* Begin PBXResourcesBuildPhase section */
		FC6B6E1B169612C0006B4688 /* Resources */ = {
			isa = PBXResourcesBuildPhase;
			buildActionMask = 2147483647;
			files = (
				FC6B6E2B169612C0006B4688 /* InfoPlist.strings in Resources */,
			);
			runOnlyForDeploymentPostprocessing = 0;
		};
		FC6B6E32169612C0006B4688 /* Resources */ = {
			isa = PBXResourcesBuildPhase;
			buildActionMask = 2147483647;
			files = (
				FC5D2EFD1C9A1FF4005A8222 /* 2016-03-16.h5 in Resources */,
				FC6B6E41169612C0006B4688 /* InfoPlist.strings in Resources */,
			);
			runOnlyForDeploymentPostprocessing = 0;
		};
/* End PBXResourcesBuildPhase section */

/* Begin PBXShellScriptBuildPhase section */
		FC6B6E33169612C0006B4688 /* ShellScript */ = {
			isa = PBXShellScriptBuildPhase;
			buildActionMask = 2147483647;
			files = (
			);
			inputPaths = (
			);
			outputPaths = (
			);
			runOnlyForDeploymentPostprocessing = 0;
			shellPath = /bin/sh;
			shellScript = "";
		};
/* End PBXShellScriptBuildPhase section */

/* Begin PBXSourcesBuildPhase section */
		FC6B6E18169612C0006B4688 /* Sources */ = {
			isa = PBXSourcesBuildPhase;
			buildActionMask = 2147483647;
			files = (
				FC5D2F491C9CCB36005A8222 /* SMKIOBaseEnumerator.m in Sources */,
				FC5D2F4B1C9CCB36005A8222 /* SMKBackgroundEnumerator.m in Sources */,
				FC6B6E5016961335006B4688 /* SMKExperimentMapper.m in Sources */,
				FC0F4F281697991E00B9EA5C /* SMKSource.m in Sources */,
				FC0F4F2C1697993700B9EA5C /* SMKNote.m in Sources */,
				FC7C8DE716B3279800F9E8A6 /* SMKDataFileReader.m in Sources */,
				FC7C8DEC16B3442500F9E8A6 /* SMKEpochGroup.m in Sources */,
				FC50C13E16B84FED00656CC0 /* SMKEpochGroupEnumerator.m in Sources */,
				FC50C14216B8C06700656CC0 /* MACHdf5Reader.m in Sources */,
				FC5D2F151C9C8416005A8222 /* SMKEntity.m in Sources */,
				FC5D2F451C9CCB36005A8222 /* SMKStimulusEnumerator.m in Sources */,
				FC16F8961C9A0A5B007CB4FF /* SMKExperimentEnumerator.m in Sources */,
				FC79481816B9B68F00DABE9C /* MACHdf5LinkInformation.m in Sources */,
				FC5D2F311C9CB638005A8222 /* SMKEpochBlockEnumerator.m in Sources */,
				FC5D2F0B1C9B7FB6005A8222 /* SMKSourceEnumerator.m in Sources */,
				FCC63F6116BB1FD200BDDD57 /* MACHdf5CommonInformation.m in Sources */,
				FCC63F6516BB1FEA00BDDD57 /* MACHdf5ObjectInformation.m in Sources */,
				FC5D2F0D1C9B7FB6005A8222 /* SMKDeviceEnumerator.m in Sources */,
				FCC63F6916BB3B5400BDDD57 /* SMKEpoch.m in Sources */,
				FC5D2F111C9B83F6005A8222 /* SMKDevice.m in Sources */,
				FC16F8981C9A0A5B007CB4FF /* SMKExperiment.m in Sources */,
				FC5D2F2D1C9CB5FA005A8222 /* SMKEpochBlock.m in Sources */,
				FCC63F6D16BB3B7A00BDDD57 /* SMKEpochEnumerator.m in Sources */,
				FC5D2F1D1C9C8F33005A8222 /* SMKEntityEnumerator.m in Sources */,
				FC5D2F471C9CCB36005A8222 /* SMKResponseEnumerator.m in Sources */,
				FC5D2F3B1C9CC8FE005A8222 /* SMKBackground.m in Sources */,
				FCC63F7D16C0932600BDDD57 /* SMKResponse.m in Sources */,
				FCC63F8116C0933B00BDDD57 /* SMKStimulus.m in Sources */,
				FC5D2F191C9C8454005A8222 /* SMKTimelineEntity.m in Sources */,
				FC98DD1916C4A4D50039E8B4 /* BWFileSystemResource+UrlFix.m in Sources */,
				FC5D2F211C9C8F63005A8222 /* SMKTimelineEntityEnumerator.m in Sources */,
				FC98DD3616CC24260039E8B4 /* SMKIOBase.m in Sources */,
			);
			runOnlyForDeploymentPostprocessing = 0;
		};
		FC6B6E30169612C0006B4688 /* Sources */ = {
			isa = PBXSourcesBuildPhase;
			buildActionMask = 2147483647;
			files = (
				FC5D2F031C9A245D005A8222 /* SMKDataFileReaderTest.m in Sources */,
				FC5D2F291C9CB395005A8222 /* SMKEpochGroupEnumeratorTest.m in Sources */,
				FC5D2F511C9CD2A0005A8222 /* SMKBackgroundEnumeratorTest.m in Sources */,
				FC5D2F241C9CA3E4005A8222 /* SMKDeviceEnumeratorTest.m in Sources */,
				FC5D2F331C9CBC75005A8222 /* SMKEpochBlockEnumeratorTest.m in Sources */,
				FC63E7461CA077120063737F /* SMKExperimentMapperTest.m in Sources */,
				FC5D2F251C9CA3E4005A8222 /* SMKSourceEnumeratorTest.m in Sources */,
				FC0F4E361696774900B9EA5C /* SMKBaseTestCase.m in Sources */,
				FC5D2F4F1C9CD2A0005A8222 /* SMKResponseEnumeratorTest.m in Sources */,
				FC5D2F051C9A2881005A8222 /* SMKExperimentEnumeratorTest.m in Sources */,
				FC5D2F371C9CC7D4005A8222 /* SMKEpochEnumeratorTest.m in Sources */,
				FC5D2F501C9CD2A0005A8222 /* SMKStimulusEnumeratorTest.m in Sources */,
			);
			runOnlyForDeploymentPostprocessing = 0;
		};
/* End PBXSourcesBuildPhase section */

/* Begin PBXTargetDependency section */
		FC6B6E3A169612C0006B4688 /* PBXTargetDependency */ = {
			isa = PBXTargetDependency;
			target = FC6B6E1C169612C0006B4688 /* SymphonyMappingKit */;
			targetProxy = FC6B6E39169612C0006B4688 /* PBXContainerItemProxy */;
		};
/* End PBXTargetDependency section */

/* Begin PBXVariantGroup section */
		FC6B6E29169612C0006B4688 /* InfoPlist.strings */ = {
			isa = PBXVariantGroup;
			children = (
				FC6B6E2A169612C0006B4688 /* en */,
			);
			name = InfoPlist.strings;
			sourceTree = "<group>";
		};
		FC6B6E3F169612C0006B4688 /* InfoPlist.strings */ = {
			isa = PBXVariantGroup;
			children = (
				FC6B6E40169612C0006B4688 /* en */,
			);
			name = InfoPlist.strings;
			sourceTree = "<group>";
		};
/* End PBXVariantGroup section */

/* Begin XCBuildConfiguration section */
		FC6B6E45169612C0006B4688 /* Debug */ = {
			isa = XCBuildConfiguration;
			buildSettings = {
				ALWAYS_SEARCH_USER_PATHS = NO;
				ARCHS = x86_64;
				VALID_ARCHS = x86_64;
				CLANG_CXX_LANGUAGE_STANDARD = "gnu++14";
				CLANG_CXX_LIBRARY = "libc++";
				CLANG_ENABLE_OBJC_ARC = YES;
				CLANG_WARN_EMPTY_BODY = YES;
				CLANG_WARN__DUPLICATE_METHOD_MATCH = YES;
				COPY_PHASE_STRIP = NO;
				GCC_C_LANGUAGE_STANDARD = gnu11;
				GCC_DYNAMIC_NO_PIC = NO;
				GCC_ENABLE_OBJC_EXCEPTIONS = YES;
				GCC_OPTIMIZATION_LEVEL = 0;
				GCC_PREPROCESSOR_DEFINITIONS = (
					"DEBUG=1",
					"$(inherited)",
				);
				GCC_SYMBOLS_PRIVATE_EXTERN = NO;
				GCC_WARN_64_TO_32_BIT_CONVERSION = YES;
				GCC_WARN_ABOUT_RETURN_TYPE = YES;
				GCC_WARN_UNINITIALIZED_AUTOS = YES;
				GCC_WARN_UNUSED_VARIABLE = YES;
				MACOSX_DEPLOYMENT_TARGET = 10.13;
				SDKROOT = macosx;
			};
			name = Debug;
		};
		FC6B6E46169612C0006B4688 /* Release */ = {
			isa = XCBuildConfiguration;
			buildSettings = {
				ALWAYS_SEARCH_USER_PATHS = NO;
				ARCHS = x86_64;
				VALID_ARCHS = x86_64;
				CLANG_CXX_LANGUAGE_STANDARD = "gnu++14";
				CLANG_CXX_LIBRARY = "libc++";
				CLANG_ENABLE_OBJC_ARC = YES;
				CLANG_WARN_EMPTY_BODY = YES;
				CLANG_WARN__DUPLICATE_METHOD_MATCH = YES;
				COPY_PHASE_STRIP = YES;
				DEBUG_INFORMATION_FORMAT = "dwarf-with-dsym";
				GCC_C_LANGUAGE_STANDARD = gnu11;
				GCC_ENABLE_OBJC_EXCEPTIONS = YES;
				GCC_WARN_64_TO_32_BIT_CONVERSION = YES;
				GCC_WARN_ABOUT_RETURN_TYPE = YES;
				GCC_WARN_UNINITIALIZED_AUTOS = YES;
				GCC_WARN_UNUSED_VARIABLE = YES;
				MACOSX_DEPLOYMENT_TARGET = 10.13;
				SDKROOT = macosx;
			};
			name = Release;
		};
		FC6B6E48169612C0006B4688 /* Debug */ = {
			isa = XCBuildConfiguration;
			buildSettings = {
				COMBINE_HIDPI_IMAGES = YES;
				DYLIB_COMPATIBILITY_VERSION = 1;
				DYLIB_CURRENT_VERSION = 1;
				FRAMEWORK_SEARCH_PATHS = ../Libraries;
				FRAMEWORK_VERSION = A;
				GCC_PRECOMPILE_PREFIX_HEADER = YES;
				GCC_PREFIX_HEADER = "SymphonyMappingKit/SymphonyMappingKit-Prefix.pch";
				HEADER_SEARCH_PATHS = /usr/local/hdf5/include;
				INFOPLIST_FILE = "SymphonyMappingKit/SymphonyMappingKit-Info.plist";
				INSTALL_PATH = "@rpath";
				LD_RUNPATH_SEARCH_PATHS = "@loader_path/Frameworks";
				OTHER_LDFLAGS = (
					/usr/local/hdf5/lib/libhdf5.a,
					/usr/local/hdf5/lib/libsz.a,
					"-lz",
				);
				PRODUCT_NAME = "$(TARGET_NAME)";
				WRAPPER_EXTENSION = framework;
			};
			name = Debug;
		};
		FC6B6E49169612C0006B4688 /* Release */ = {
			isa = XCBuildConfiguration;
			buildSettings = {
				COMBINE_HIDPI_IMAGES = YES;
				DYLIB_COMPATIBILITY_VERSION = 1;
				DYLIB_CURRENT_VERSION = 1;
				FRAMEWORK_SEARCH_PATHS = ../Libraries;
				FRAMEWORK_VERSION = A;
				GCC_PRECOMPILE_PREFIX_HEADER = YES;
				GCC_PREFIX_HEADER = "SymphonyMappingKit/SymphonyMappingKit-Prefix.pch";
				HEADER_SEARCH_PATHS = /usr/local/hdf5/include;
				INFOPLIST_FILE = "SymphonyMappingKit/SymphonyMappingKit-Info.plist";
				INSTALL_PATH = "@rpath";
				LD_RUNPATH_SEARCH_PATHS = "@loader_path/Frameworks";
				OTHER_LDFLAGS = (
					/usr/local/hdf5/lib/libhdf5.a,
					/usr/local/hdf5/lib/libsz.a,
					"-lz",
				);
				PRODUCT_NAME = "$(TARGET_NAME)";
				WRAPPER_EXTENSION = framework;
			};
			name = Release;
		};
		FC6B6E4B169612C0006B4688 /* Debug */ = {
			isa = XCBuildConfiguration;
			buildSettings = {
				COMBINE_HIDPI_IMAGES = YES;
				FRAMEWORK_SEARCH_PATHS = (
					"$(inherited)",
					"\"$(SRCROOT)/../Libraries\"",
				);
				GCC_PRECOMPILE_PREFIX_HEADER = YES;
				GCC_PREFIX_HEADER = "SymphonyMappingKit/SymphonyMappingKit-Prefix.pch";
				HEADER_SEARCH_PATHS = /usr/local/hdf5/include;
				INFOPLIST_FILE = "SymphonyMappingKitTests/SymphonyMappingKitTests-Info.plist";
				LD_RUNPATH_SEARCH_PATHS = "$(SRCROOT)/../Libraries";
				OTHER_LDFLAGS = (
					/usr/local/hdf5/lib/libhdf5.a,
					/usr/local/hdf5/lib/libsz.a,
					"-lz",
				);
				PRODUCT_NAME = "$(TARGET_NAME)";
				WRAPPER_EXTENSION = xctest;
			};
			name = Debug;
		};
		FC6B6E4C169612C0006B4688 /* Release */ = {
			isa = XCBuildConfiguration;
			buildSettings = {
				COMBINE_HIDPI_IMAGES = YES;
				FRAMEWORK_SEARCH_PATHS = (
					"$(inherited)",
					"\"$(SRCROOT)/../Libraries\"",
				);
				GCC_PRECOMPILE_PREFIX_HEADER = YES;
				GCC_PREFIX_HEADER = "SymphonyMappingKit/SymphonyMappingKit-Prefix.pch";
				HEADER_SEARCH_PATHS = /usr/local/hdf5/include;
				INFOPLIST_FILE = "SymphonyMappingKitTests/SymphonyMappingKitTests-Info.plist";
				LD_RUNPATH_SEARCH_PATHS = "$(SRCROOT)/../Libraries";
				OTHER_LDFLAGS = (
					/usr/local/hdf5/lib/libhdf5.a,
					/usr/local/hdf5/lib/libsz.a,
					"-lz",
				);
				PRODUCT_NAME = "$(TARGET_NAME)";
				WRAPPER_EXTENSION = xctest;
			};
			name = Release;
		};
/* End XCBuildConfiguration section */

/* Begin XCConfigurationList section */
		FC6B6E16169612C0006B4688 /* Build configuration list for PBXProject "SymphonyMappingKit" */ = {
			isa = XCConfigurationList;
			buildConfigurations = (
				FC6B6E45169612C0006B4688 /* Debug */,
				FC6B6E46169612C0006B4688 /* Release */,
			);
			defaultConfigurationIsVisible = 0;
			defaultConfigurationName = Release;
		};
		FC6B6E47169612C0006B4688 /* Build configuration list for PBXNativeTarget "SymphonyMappingKit" */ = {
			isa = XCConfigurationList;
			buildConfigurations = (
				FC6B6E48169612C0006B4688 /* Debug */,
				FC6B6E49169612C0006B4688 /* Release */,
			);
			defaultConfigurationIsVisible = 0;
			defaultConfigurationName = Release;
		};
		FC6B6E4A169612C0006B4688 /* Build configuration list for PBXNativeTarget "SymphonyMappingKitTests" */ = {
			isa = XCConfigurationList;
			buildConfigurations = (
				FC6B6E4B169612C0006B4688 /* Debug */,
				FC6B6E4C169612C0006B4688 /* Release */,
			);
			defaultConfigurationIsVisible = 0;
			defaultConfigurationName = Release;
		};
/* End XCConfigurationList section */
	};
	rootObject = FC6B6E13169612C0006B4688 /* Project object */;
}
